
Microsoft Visual Studio Solution File, Format Version 12.00
# Visual Studio Version 17
VisualStudioVersion = 17.6.33723.286
MinimumVisualStudioVersion = 10.0.40219.1
Project("{FAE04EC0-301F-11D3-BF4B-00C04F79EFBC}") = "InformationSystem", "information system\InformationSystem.csproj", "{B8C226D7-8B1D-452B-BC5A-2C34DF139830}"
EndProject
Global
	GlobalSection(SolutionConfigurationPlatforms) = preSolution
		Debug|Any CPU = Debug|Any CPU
		Release|Any CPU = Release|Any CPU
	EndGlobalSection
	GlobalSection(ProjectConfigurationPlatforms) = postSolution
		{B8C226D7-8B1D-452B-BC5A-2C34DF139830}.Debug|Any CPU.ActiveCfg = Debug|Any CPU
		{B8C226D7-8B1D-452B-BC5A-2C34DF139830}.Debug|Any CPU.Build.0 = Debug|Any CPU
		{B8C226D7-8B1D-452B-BC5A-2C34DF139830}.Release|Any CPU.ActiveCfg = Release|Any CPU
		{B8C226D7-8B1D-452B-BC5A-2C34DF139830}.Release|Any CPU.Build.0 = Release|Any CPU
	EndGlobalSection
	GlobalSection(SolutionProperties) = preSolution
		HideSolutionNode = FALSE
	EndGlobalSection
	GlobalSection(ExtensibilityGlobals) = postSolution
		SolutionGuid = {A7A1419A-4B13-4778-9AFF-A16AD27A95DB}
	EndGlobalSection
EndGlobal
